
Microsoft Visual Studio Solution File, Format Version 12.00
# Visual Studio 15
VisualStudioVersion = 15.0.28307.168
MinimumVisualStudioVersion = 10.0.40219.1
Project("{FAE04EC0-301F-11D3-BF4B-00C04F79EFBC}") = "Homework_lesson4.6", "Homework_lesson4.6\Homework_lesson4.6.csproj", "{D54F1E64-488E-42EF-9F53-AC9672C1EA83}"
EndProject
Global
	GlobalSection(SolutionConfigurationPlatforms) = preSolution
		Debug|Any CPU = Debug|Any CPU
		Release|Any CPU = Release|Any CPU
	EndGlobalSection
	GlobalSection(ProjectConfigurationPlatforms) = postSolution
		{D54F1E64-488E-42EF-9F53-AC9672C1EA83}.Debug|Any CPU.ActiveCfg = Debug|Any CPU
		{D54F1E64-488E-42EF-9F53-AC9672C1EA83}.Debug|Any CPU.Build.0 = Debug|Any CPU
		{D54F1E64-488E-42EF-9F53-AC9672C1EA83}.Release|Any CPU.ActiveCfg = Release|Any CPU
		{D54F1E64-488E-42EF-9F53-AC9672C1EA83}.Release|Any CPU.Build.0 = Release|Any CPU
	EndGlobalSection
	GlobalSection(SolutionProperties) = preSolution
		HideSolutionNode = FALSE
	EndGlobalSection
	GlobalSection(ExtensibilityGlobals) = postSolution
		SolutionGuid = {725B5108-EFB2-4AFE-AABB-28951098EF66}
	EndGlobalSection
EndGlobal
