
Microsoft Visual Studio Solution File, Format Version 12.00
# Visual Studio 15
VisualStudioVersion = 15.0.28307.168
MinimumVisualStudioVersion = 10.0.40219.1
Project("{FAE04EC0-301F-11D3-BF4B-00C04F79EFBC}") = "Homework_lesson4.7", "Homework_lesson4.7\Homework_lesson4.7.csproj", "{24BC62BB-2C05-4E42-9597-936BE6EA531E}"
EndProject
Global
	GlobalSection(SolutionConfigurationPlatforms) = preSolution
		Debug|Any CPU = Debug|Any CPU
		Release|Any CPU = Release|Any CPU
	EndGlobalSection
	GlobalSection(ProjectConfigurationPlatforms) = postSolution
		{24BC62BB-2C05-4E42-9597-936BE6EA531E}.Debug|Any CPU.ActiveCfg = Debug|Any CPU
		{24BC62BB-2C05-4E42-9597-936BE6EA531E}.Debug|Any CPU.Build.0 = Debug|Any CPU
		{24BC62BB-2C05-4E42-9597-936BE6EA531E}.Release|Any CPU.ActiveCfg = Release|Any CPU
		{24BC62BB-2C05-4E42-9597-936BE6EA531E}.Release|Any CPU.Build.0 = Release|Any CPU
	EndGlobalSection
	GlobalSection(SolutionProperties) = preSolution
		HideSolutionNode = FALSE
	EndGlobalSection
	GlobalSection(ExtensibilityGlobals) = postSolution
		SolutionGuid = {F170682F-F014-48D2-A1F5-35C6C88FE79B}
	EndGlobalSection
EndGlobal
