
Microsoft Visual Studio Solution File, Format Version 12.00
# Visual Studio 15
VisualStudioVersion = 15.0.28307.168
MinimumVisualStudioVersion = 10.0.40219.1
Project("{FAE04EC0-301F-11D3-BF4B-00C04F79EFBC}") = "Homework_lesson4.3", "Homework_lesson4.3\Homework_lesson4.3.csproj", "{4E7ACC78-D0DC-4870-9AA4-D8034BA74E29}"
EndProject
Global
	GlobalSection(SolutionConfigurationPlatforms) = preSolution
		Debug|Any CPU = Debug|Any CPU
		Release|Any CPU = Release|Any CPU
	EndGlobalSection
	GlobalSection(ProjectConfigurationPlatforms) = postSolution
		{4E7ACC78-D0DC-4870-9AA4-D8034BA74E29}.Debug|Any CPU.ActiveCfg = Debug|Any CPU
		{4E7ACC78-D0DC-4870-9AA4-D8034BA74E29}.Debug|Any CPU.Build.0 = Debug|Any CPU
		{4E7ACC78-D0DC-4870-9AA4-D8034BA74E29}.Release|Any CPU.ActiveCfg = Release|Any CPU
		{4E7ACC78-D0DC-4870-9AA4-D8034BA74E29}.Release|Any CPU.Build.0 = Release|Any CPU
	EndGlobalSection
	GlobalSection(SolutionProperties) = preSolution
		HideSolutionNode = FALSE
	EndGlobalSection
	GlobalSection(ExtensibilityGlobals) = postSolution
		SolutionGuid = {EB93C821-1790-4B96-87F3-5E850B3156E2}
	EndGlobalSection
EndGlobal
